
Microsoft Visual Studio Solution File, Format Version 12.00
# Visual Studio Version 17
VisualStudioVersion = 17.2.32630.192
MinimumVisualStudioVersion = 10.0.40219.1
Project("{FAE04EC0-301F-11D3-BF4B-00C04F79EFBC}") = "ConsoleApp2", "ConsoleApp2\ConsoleApp2.csproj", "{B6589316-19E7-4FBC-BC38-EB2F314FC924}"
EndProject
Global
	GlobalSection(SolutionConfigurationPlatforms) = preSolution
		Debug|Any CPU = Debug|Any CPU
		Release|Any CPU = Release|Any CPU
	EndGlobalSection
	GlobalSection(ProjectConfigurationPlatforms) = postSolution
		{B6589316-19E7-4FBC-BC38-EB2F314FC924}.Debug|Any CPU.ActiveCfg = Debug|Any CPU
		{B6589316-19E7-4FBC-BC38-EB2F314FC924}.Debug|Any CPU.Build.0 = Debug|Any CPU
		{B6589316-19E7-4FBC-BC38-EB2F314FC924}.Release|Any CPU.ActiveCfg = Release|Any CPU
		{B6589316-19E7-4FBC-BC38-EB2F314FC924}.Release|Any CPU.Build.0 = Release|Any CPU
	EndGlobalSection
	GlobalSection(SolutionProperties) = preSolution
		HideSolutionNode = FALSE
	EndGlobalSection
	GlobalSection(ExtensibilityGlobals) = postSolution
		SolutionGuid = {1EDC77C1-0A84-4C6D-8568-615765E35B30}
	EndGlobalSection
EndGlobal
